
Microsoft Visual Studio Solution File, Format Version 12.00
# Visual Studio Version 17
VisualStudioVersion = 17.2.32516.85
MinimumVisualStudioVersion = 10.0.40219.1
Project("{9A19103F-16F7-4668-BE54-9A1E7A4F7556}") = "DN.WebApi.Infrastructure", "DN.WebApi.Infrastructure.csproj", "{D78472C5-DEDD-4175-BB98-DB5CA5AD27B8}"
EndProject
Project("{9A19103F-16F7-4668-BE54-9A1E7A4F7556}") = "Infrastructure.Sample", "..\Infrastructure.Sample\Infrastructure.Sample.csproj", "{AD332D03-1C8D-4B76-9DED-4C5DF36ED2CB}"
EndProject
Global
	GlobalSection(SolutionConfigurationPlatforms) = preSolution
		Debug|Any CPU = Debug|Any CPU
		Release|Any CPU = Release|Any CPU
	EndGlobalSection
	GlobalSection(ProjectConfigurationPlatforms) = postSolution
		{D78472C5-DEDD-4175-BB98-DB5CA5AD27B8}.Debug|Any CPU.ActiveCfg = Debug|Any CPU
		{D78472C5-DEDD-4175-BB98-DB5CA5AD27B8}.Debug|Any CPU.Build.0 = Debug|Any CPU
		{D78472C5-DEDD-4175-BB98-DB5CA5AD27B8}.Release|Any CPU.ActiveCfg = Release|Any CPU
		{D78472C5-DEDD-4175-BB98-DB5CA5AD27B8}.Release|Any CPU.Build.0 = Release|Any CPU
		{AD332D03-1C8D-4B76-9DED-4C5DF36ED2CB}.Debug|Any CPU.ActiveCfg = Debug|Any CPU
		{AD332D03-1C8D-4B76-9DED-4C5DF36ED2CB}.Debug|Any CPU.Build.0 = Debug|Any CPU
		{AD332D03-1C8D-4B76-9DED-4C5DF36ED2CB}.Release|Any CPU.ActiveCfg = Release|Any CPU
		{AD332D03-1C8D-4B76-9DED-4C5DF36ED2CB}.Release|Any CPU.Build.0 = Release|Any CPU
	EndGlobalSection
	GlobalSection(SolutionProperties) = preSolution
		HideSolutionNode = FALSE
	EndGlobalSection
	GlobalSection(ExtensibilityGlobals) = postSolution
		SolutionGuid = {39FC692B-FE43-481E-A7DB-D43A7740E009}
	EndGlobalSection
EndGlobal
